// !$*UTF8*$!
{
	archiveVersion = 1;
	classes = {
	};
	objectVersion = 50;
	objects = {

/* Begin PBXBuildFile section */
		F125854A20A1C99A00BDD831 /* Assets.xcassets in Resources */ = {isa = PBXBuildFile; fileRef = F125854920A1C99A00BDD831 /* Assets.xcassets */; };
		F125854C20A264F900BDD831 /* ToWatchCell.swift in Sources */ = {isa = PBXBuildFile; fileRef = F125854B20A264F900BDD831 /* ToWatchCell.swift */; };
		F125854E20A2F9FB00BDD831 /* doc in Resources */ = {isa = PBXBuildFile; fileRef = F125854D20A2F9FB00BDD831 /* doc */; };
		F125855020A2FA0200BDD831 /* README.md in Resources */ = {isa = PBXBuildFile; fileRef = F125854F20A2FA0200BDD831 /* README.md */; };
		F19764B7209FA69D006ABCDD /* AppDelegate.swift in Sources */ = {isa = PBXBuildFile; fileRef = F19764B6209FA69D006ABCDD /* AppDelegate.swift */; };
		F19764BC209FA69D006ABCDD /* Main.storyboard in Resources */ = {isa = PBXBuildFile; fileRef = F19764BA209FA69D006ABCDD /* Main.storyboard */; };
		F19764C1209FA6A3006ABCDD /* LaunchScreen.storyboard in Resources */ = {isa = PBXBuildFile; fileRef = F19764BF209FA6A3006ABCDD /* LaunchScreen.storyboard */; };
		F19764C9209FA979006ABCDD /* ToWatch.swift in Sources */ = {isa = PBXBuildFile; fileRef = F19764C8209FA979006ABCDD /* ToWatch.swift */; };
		F19764CB209FAAB0006ABCDD /* ToWatchTableViewController.swift in Sources */ = {isa = PBXBuildFile; fileRef = F19764CA209FAAB0006ABCDD /* ToWatchTableViewController.swift */; };
		F1AF5CD920A0810400F7206D /* ToWatchViewController.swift in Sources */ = {isa = PBXBuildFile; fileRef = F1AF5CD820A0810400F7206D /* ToWatchViewController.swift */; };
/* End PBXBuildFile section */

/* Begin PBXFileReference section */
		F125854920A1C99A00BDD831 /* Assets.xcassets */ = {isa = PBXFileReference; lastKnownFileType = folder.assetcatalog; path = Assets.xcassets; sourceTree = "<group>"; };
		F125854B20A264F900BDD831 /* ToWatchCell.swift */ = {isa = PBXFileReference; lastKnownFileType = sourcecode.swift; path = ToWatchCell.swift; sourceTree = "<group>"; };
		F125854D20A2F9FB00BDD831 /* doc */ = {isa = PBXFileReference; lastKnownFileType = folder; path = doc; sourceTree = "<group>"; };
		F125854F20A2FA0200BDD831 /* README.md */ = {isa = PBXFileReference; fileEncoding = 4; lastKnownFileType = net.daringfireball.markdown; path = README.md; sourceTree = "<group>"; };
		F19764B3209FA69D006ABCDD /* ToDoList.app */ = {isa = PBXFileReference; explicitFileType = wrapper.application; includeInIndex = 0; path = ToDoList.app; sourceTree = BUILT_PRODUCTS_DIR; };
		F19764B6209FA69D006ABCDD /* AppDelegate.swift */ = {isa = PBXFileReference; lastKnownFileType = sourcecode.swift; path = AppDelegate.swift; sourceTree = "<group>"; };
		F19764BB209FA69D006ABCDD /* Base */ = {isa = PBXFileReference; lastKnownFileType = file.storyboard; name = Base; path = Base.lproj/Main.storyboard; sourceTree = "<group>"; };
		F19764C0209FA6A3006ABCDD /* Base */ = {isa = PBXFileReference; lastKnownFileType = file.storyboard; name = Base; path = Base.lproj/LaunchScreen.storyboard; sourceTree = "<group>"; };
		F19764C2209FA6A3006ABCDD /* Info.plist */ = {isa = PBXFileReference; lastKnownFileType = text.plist.xml; path = Info.plist; sourceTree = "<group>"; };
		F19764C8209FA979006ABCDD /* ToWatch.swift */ = {isa = PBXFileReference; lastKnownFileType = sourcecode.swift; path = ToWatch.swift; sourceTree = "<group>"; };
		F19764CA209FAAB0006ABCDD /* ToWatchTableViewController.swift */ = {isa = PBXFileReference; lastKnownFileType = sourcecode.swift; path = ToWatchTableViewController.swift; sourceTree = "<group>"; };
		F1AF5CD820A0810400F7206D /* ToWatchViewController.swift */ = {isa = PBXFileReference; lastKnownFileType = sourcecode.swift; path = ToWatchViewController.swift; sourceTree = "<group>"; };
/* End PBXFileReference section */

/* Begin PBXFrameworksBuildPhase section */
		F19764B0209FA69D006ABCDD /* Frameworks */ = {
			isa = PBXFrameworksBuildPhase;
			buildActionMask = 2147483647;
			files = (
			);
			runOnlyForDeploymentPostprocessing = 0;
		};
/* End PBXFrameworksBuildPhase section */

/* Begin PBXGroup section */
		F19764AA209FA69D006ABCDD = {
			isa = PBXGroup;
			children = (
				F19764B5209FA69D006ABCDD /* ToDoList */,
				F19764B4209FA69D006ABCDD /* Products */,
			);
			sourceTree = "<group>";
		};
		F19764B4209FA69D006ABCDD /* Products */ = {
			isa = PBXGroup;
			children = (
				F19764B3209FA69D006ABCDD /* ToDoList.app */,
			);
			name = Products;
			sourceTree = "<group>";
		};
		F19764B5209FA69D006ABCDD /* ToDoList */ = {
			isa = PBXGroup;
			children = (
				F125854F20A2FA0200BDD831 /* README.md */,
				F125854D20A2F9FB00BDD831 /* doc */,
				F19764B6209FA69D006ABCDD /* AppDelegate.swift */,
				F19764BA209FA69D006ABCDD /* Main.storyboard */,
				F19764CA209FAAB0006ABCDD /* ToWatchTableViewController.swift */,
				F125854B20A264F900BDD831 /* ToWatchCell.swift */,
				F19764C8209FA979006ABCDD /* ToWatch.swift */,
				F1AF5CD820A0810400F7206D /* ToWatchViewController.swift */,
				F125854920A1C99A00BDD831 /* Assets.xcassets */,
				F19764BF209FA6A3006ABCDD /* LaunchScreen.storyboard */,
				F19764C2209FA6A3006ABCDD /* Info.plist */,
			);
			path = ToDoList;
			sourceTree = "<group>";
		};
/* End PBXGroup section */

/* Begin PBXNativeTarget section */
		F19764B2209FA69D006ABCDD /* ToDoList */ = {
			isa = PBXNativeTarget;
			buildConfigurationList = F19764C5209FA6A3006ABCDD /* Build configuration list for PBXNativeTarget "ToDoList" */;
			buildPhases = (
				F19764AF209FA69D006ABCDD /* Sources */,
				F19764B0209FA69D006ABCDD /* Frameworks */,
				F19764B1209FA69D006ABCDD /* Resources */,
			);
			buildRules = (
			);
			dependencies = (
			);
			name = ToDoList;
			productName = ToDoList;
			productReference = F19764B3209FA69D006ABCDD /* ToDoList.app */;
			productType = "com.apple.product-type.application";
		};
/* End PBXNativeTarget section */

/* Begin PBXProject section */
		F19764AB209FA69D006ABCDD /* Project object */ = {
			isa = PBXProject;
			attributes = {
				LastSwiftUpdateCheck = 0930;
				LastUpgradeCheck = 0930;
				ORGANIZATIONNAME = "Amerens Jongsma";
				TargetAttributes = {
					F19764B2209FA69D006ABCDD = {
						CreatedOnToolsVersion = 9.3;
					};
				};
			};
			buildConfigurationList = F19764AE209FA69D006ABCDD /* Build configuration list for PBXProject "ToDoList" */;
			compatibilityVersion = "Xcode 9.3";
			developmentRegion = en;
			hasScannedForEncodings = 0;
			knownRegions = (
				en,
				Base,
			);
			mainGroup = F19764AA209FA69D006ABCDD;
			productRefGroup = F19764B4209FA69D006ABCDD /* Products */;
			projectDirPath = "";
			projectRoot = "";
			targets = (
				F19764B2209FA69D006ABCDD /* ToDoList */,
			);
		};
/* End PBXProject section */

/* Begin PBXResourcesBuildPhase section */
		F19764B1209FA69D006ABCDD /* Resources */ = {
			isa = PBXResourcesBuildPhase;
			buildActionMask = 2147483647;
			files = (
				F19764C1209FA6A3006ABCDD /* LaunchScreen.storyboard in Resources */,
				F125854E20A2F9FB00BDD831 /* doc in Resources */,
				F125855020A2FA0200BDD831 /* README.md in Resources */,
				F125854A20A1C99A00BDD831 /* Assets.xcassets in Resources */,
				F19764BC209FA69D006ABCDD /* Main.storyboard in Resources */,
			);
			runOnlyForDeploymentPostprocessing = 0;
		};
/* End PBXResourcesBuildPhase section */

/* Begin PBXSourcesBuildPhase section */
		F19764AF209FA69D006ABCDD /* Sources */ = {
			isa = PBXSourcesBuildPhase;
			buildActionMask = 2147483647;
			files = (
				F19764C9209FA979006ABCDD /* ToWatch.swift in Sources */,
				F19764CB209FAAB0006ABCDD /* ToWatchTableViewController.swift in Sources */,
				F125854C20A264F900BDD831 /* ToWatchCell.swift in Sources */,
				F19764B7209FA69D006ABCDD /* AppDelegate.swift in Sources */,
				F1AF5CD920A0810400F7206D /* ToWatchViewController.swift in Sources */,
			);
			runOnlyForDeploymentPostprocessing = 0;
		};
/* End PBXSourcesBuildPhase section */

/* Begin PBXVariantGroup section */
		F19764BA209FA69D006ABCDD /* Main.storyboard */ = {
			isa = PBXVariantGroup;
			children = (
				F19764BB209FA69D006ABCDD /* Base */,
			);
			name = Main.storyboard;
			sourceTree = "<group>";
		};
		F19764BF209FA6A3006ABCDD /* LaunchScreen.storyboard */ = {
			isa = PBXVariantGroup;
			children = (
				F19764C0209FA6A3006ABCDD /* Base */,
			);
			name = LaunchScreen.storyboard;
			sourceTree = "<group>";
		};
/* End PBXVariantGroup section */

/* Begin XCBuildConfiguration section */
		F19764C3209FA6A3006ABCDD /* Debug */ = {
			isa = XCBuildConfiguration;
			buildSettings = {
				ALWAYS_SEARCH_USER_PATHS = NO;
				CLANG_ANALYZER_NONNULL = YES;
				CLANG_ANALYZER_NUMBER_OBJECT_CONVERSION = YES_AGGRESSIVE;
				CLANG_CXX_LANGUAGE_STANDARD = "gnu++14";
				CLANG_CXX_LIBRARY = "libc++";
				CLANG_ENABLE_MODULES = YES;
				CLANG_ENABLE_OBJC_ARC = YES;
				CLANG_ENABLE_OBJC_WEAK = YES;
				CLANG_WARN_BLOCK_CAPTURE_AUTORELEASING = YES;
				CLANG_WARN_BOOL_CONVERSION = YES;
				CLANG_WARN_COMMA = YES;
				CLANG_WARN_CONSTANT_CONVERSION = YES;
				CLANG_WARN_DEPRECATED_OBJC_IMPLEMENTATIONS = YES;
				CLANG_WARN_DIRECT_OBJC_ISA_USAGE = YES_ERROR;
				CLANG_WARN_DOCUMENTATION_COMMENTS = YES;
				CLANG_WARN_EMPTY_BODY = YES;
				CLANG_WARN_ENUM_CONVERSION = YES;
				CLANG_WARN_INFINITE_RECURSION = YES;
				CLANG_WARN_INT_CONVERSION = YES;
				CLANG_WARN_NON_LITERAL_NULL_CONVERSION = YES;
				CLANG_WARN_OBJC_IMPLICIT_RETAIN_SELF = YES;
				CLANG_WARN_OBJC_LITERAL_CONVERSION = YES;
				CLANG_WARN_OBJC_ROOT_CLASS = YES_ERROR;
				CLANG_WARN_RANGE_LOOP_ANALYSIS = YES;
				CLANG_WARN_STRICT_PROTOTYPES = YES;
				CLANG_WARN_SUSPICIOUS_MOVE = YES;
				CLANG_WARN_UNGUARDED_AVAILABILITY = YES_AGGRESSIVE;
				CLANG_WARN_UNREACHABLE_CODE = YES;
				CLANG_WARN__DUPLICATE_METHOD_MATCH = YES;
				CODE_SIGN_IDENTITY = "iPhone Developer";
				COPY_PHASE_STRIP = NO;
				DEBUG_INFORMATION_FORMAT = dwarf;
				ENABLE_STRICT_OBJC_MSGSEND = YES;
				ENABLE_TESTABILITY = YES;
				GCC_C_LANGUAGE_STANDARD = gnu11;
				GCC_DYNAMIC_NO_PIC = NO;
				GCC_NO_COMMON_BLOCKS = YES;
				GCC_OPTIMIZATION_LEVEL = 0;
				GCC_PREPROCESSOR_DEFINITIONS = (
					"DEBUG=1",
					"$(inherited)",
				);
				GCC_WARN_64_TO_32_BIT_CONVERSION = YES;
				GCC_WARN_ABOUT_RETURN_TYPE = YES_ERROR;
				GCC_WARN_UNDECLARED_SELECTOR = YES;
				GCC_WARN_UNINITIALIZED_AUTOS = YES_AGGRESSIVE;
				GCC_WARN_UNUSED_FUNCTION = YES;
				GCC_WARN_UNUSED_VARIABLE = YES;
				IPHONEOS_DEPLOYMENT_TARGET = 11.3;
				MTL_ENABLE_DEBUG_INFO = YES;
				ONLY_ACTIVE_ARCH = YES;
				SDKROOT = iphoneos;
				SWIFT_ACTIVE_COMPILATION_CONDITIONS = DEBUG;
				SWIFT_OPTIMIZATION_LEVEL = "-Onone";
			};
			name = Debug;
		};
		F19764C4209FA6A3006ABCDD /* Release */ = {
			isa = XCBuildConfiguration;
			buildSettings = {
				ALWAYS_SEARCH_USER_PATHS = NO;
				CLANG_ANALYZER_NONNULL = YES;
				CLANG_ANALYZER_NUMBER_OBJECT_CONVERSION = YES_AGGRESSIVE;
				CLANG_CXX_LANGUAGE_STANDARD = "gnu++14";
				CLANG_CXX_LIBRARY = "libc++";
				CLANG_ENABLE_MODULES = YES;
				CLANG_ENABLE_OBJC_ARC = YES;
				CLANG_ENABLE_OBJC_WEAK = YES;
				CLANG_WARN_BLOCK_CAPTURE_AUTORELEASING = YES;
				CLANG_WARN_BOOL_CONVERSION = YES;
				CLANG_WARN_COMMA = YES;
				CLANG_WARN_CONSTANT_CONVERSION = YES;
				CLANG_WARN_DEPRECATED_OBJC_IMPLEMENTATIONS = YES;
				CLANG_WARN_DIRECT_OBJC_ISA_USAGE = YES_ERROR;
				CLANG_WARN_DOCUMENTATION_COMMENTS = YES;
				CLANG_WARN_EMPTY_BODY = YES;
				CLANG_WARN_ENUM_CONVERSION = YES;
				CLANG_WARN_INFINITE_RECURSION = YES;
				CLANG_WARN_INT_CONVERSION = YES;
				CLANG_WARN_NON_LITERAL_NULL_CONVERSION = YES;
				CLANG_WARN_OBJC_IMPLICIT_RETAIN_SELF = YES;
				CLANG_WARN_OBJC_LITERAL_CONVERSION = YES;
				CLANG_WARN_OBJC_ROOT_CLASS = YES_ERROR;
				CLANG_WARN_RANGE_LOOP_ANALYSIS = YES;
				CLANG_WARN_STRICT_PROTOTYPES = YES;
				CLANG_WARN_SUSPICIOUS_MOVE = YES;
				CLANG_WARN_UNGUARDED_AVAILABILITY = YES_AGGRESSIVE;
				CLANG_WARN_UNREACHABLE_CODE = YES;
				CLANG_WARN__DUPLICATE_METHOD_MATCH = YES;
				CODE_SIGN_IDENTITY = "iPhone Developer";
				COPY_PHASE_STRIP = NO;
				DEBUG_INFORMATION_FORMAT = "dwarf-with-dsym";
				ENABLE_NS_ASSERTIONS = NO;
				ENABLE_STRICT_OBJC_MSGSEND = YES;
				GCC_C_LANGUAGE_STANDARD = gnu11;
				GCC_NO_COMMON_BLOCKS = YES;
				GCC_WARN_64_TO_32_BIT_CONVERSION = YES;
				GCC_WARN_ABOUT_RETURN_TYPE = YES_ERROR;
				GCC_WARN_UNDECLARED_SELECTOR = YES;
				GCC_WARN_UNINITIALIZED_AUTOS = YES_AGGRESSIVE;
				GCC_WARN_UNUSED_FUNCTION = YES;
				GCC_WARN_UNUSED_VARIABLE = YES;
				IPHONEOS_DEPLOYMENT_TARGET = 11.3;
				MTL_ENABLE_DEBUG_INFO = NO;
				SDKROOT = iphoneos;
				SWIFT_COMPILATION_MODE = wholemodule;
				SWIFT_OPTIMIZATION_LEVEL = "-O";
				VALIDATE_PRODUCT = YES;
			};
			name = Release;
		};
		F19764C6209FA6A3006ABCDD /* Debug */ = {
			isa = XCBuildConfiguration;
			buildSettings = {
				ASSETCATALOG_COMPILER_APPICON_NAME = AppIcon;
				CODE_SIGN_STYLE = Automatic;
				DEVELOPMENT_TEAM = 6ZDMV7QGSG;
				INFOPLIST_FILE = ToDoList/Info.plist;
				LD_RUNPATH_SEARCH_PATHS = (
					"$(inherited)",
					"@executable_path/Frameworks",
				);
				PRODUCT_BUNDLE_IDENTIFIER = com.example.ToDoList;
				PRODUCT_NAME = "$(TARGET_NAME)";
				SWIFT_VERSION = 4.0;
				TARGETED_DEVICE_FAMILY = "1,2";
			};
			name = Debug;
		};
		F19764C7209FA6A3006ABCDD /* Release */ = {
			isa = XCBuildConfiguration;
			buildSettings = {
				ASSETCATALOG_COMPILER_APPICON_NAME = AppIcon;
				CODE_SIGN_STYLE = Automatic;
				DEVELOPMENT_TEAM = 6ZDMV7QGSG;
				INFOPLIST_FILE = ToDoList/Info.plist;
				LD_RUNPATH_SEARCH_PATHS = (
					"$(inherited)",
					"@executable_path/Frameworks",
				);
				PRODUCT_BUNDLE_IDENTIFIER = com.example.ToDoList;
				PRODUCT_NAME = "$(TARGET_NAME)";
				SWIFT_VERSION = 4.0;
				TARGETED_DEVICE_FAMILY = "1,2";
			};
			name = Release;
		};
/* End XCBuildConfiguration section */

/* Begin XCConfigurationList section */
		F19764AE209FA69D006ABCDD /* Build configuration list for PBXProject "ToDoList" */ = {
			isa = XCConfigurationList;
			buildConfigurations = (
				F19764C3209FA6A3006ABCDD /* Debug */,
				F19764C4209FA6A3006ABCDD /* Release */,
			);
			defaultConfigurationIsVisible = 0;
			defaultConfigurationName = Release;
		};
		F19764C5209FA6A3006ABCDD /* Build configuration list for PBXNativeTarget "ToDoList" */ = {
			isa = XCConfigurationList;
			buildConfigurations = (
				F19764C6209FA6A3006ABCDD /* Debug */,
				F19764C7209FA6A3006ABCDD /* Release */,
			);
			defaultConfigurationIsVisible = 0;
			defaultConfigurationName = Release;
		};
/* End XCConfigurationList section */
	};
	rootObject = F19764AB209FA69D006ABCDD /* Project object */;
}
